
Microsoft Visual Studio Solution File, Format Version 12.00
# Visual Studio 15
VisualStudioVersion = 15.0.27004.2002
MinimumVisualStudioVersion = 10.0.40219.1
Project("{F184B08F-C81C-45F6-A57F-5ABD9991F28F}") = "Trove Eq Price", "Trove Eq Price\Trove Eq Price.vbproj", "{003017DD-09A2-4EDA-B4CC-5584CAE35816}"
EndProject
Global
	GlobalSection(SolutionConfigurationPlatforms) = preSolution
		Debug|Any CPU = Debug|Any CPU
		Release|Any CPU = Release|Any CPU
	EndGlobalSection
	GlobalSection(ProjectConfigurationPlatforms) = postSolution
		{003017DD-09A2-4EDA-B4CC-5584CAE35816}.Debug|Any CPU.ActiveCfg = Debug|Any CPU
		{003017DD-09A2-4EDA-B4CC-5584CAE35816}.Debug|Any CPU.Build.0 = Debug|Any CPU
		{003017DD-09A2-4EDA-B4CC-5584CAE35816}.Release|Any CPU.ActiveCfg = Release|Any CPU
		{003017DD-09A2-4EDA-B4CC-5584CAE35816}.Release|Any CPU.Build.0 = Release|Any CPU
	EndGlobalSection
	GlobalSection(SolutionProperties) = preSolution
		HideSolutionNode = FALSE
	EndGlobalSection
	GlobalSection(ExtensibilityGlobals) = postSolution
		SolutionGuid = {3583133E-A390-430F-A405-5F484A57D9A5}
	EndGlobalSection
EndGlobal
